// !$*UTF8*$!
{
	archiveVersion = 1;
	classes = {
	};
	objectVersion = 48;
	objects = {

/* Begin PBXBuildFile section */
		771A57AF226293270067DC7B /* AppDelegate.m in Sources */ = {isa = PBXBuildFile; fileRef = 771A57AE226293270067DC7B /* AppDelegate.m */; };
		771A57B2226293270067DC7B /* Document.m in Sources */ = {isa = PBXBuildFile; fileRef = 771A57B1226293270067DC7B /* Document.m */; };
		771A57B5226293270067DC7B /* Document.xib in Resources */ = {isa = PBXBuildFile; fileRef = 771A57B3226293270067DC7B /* Document.xib */; };
		771A57B8226293270067DC7B /* Document.xcdatamodeld in Sources */ = {isa = PBXBuildFile; fileRef = 771A57B6226293270067DC7B /* Document.xcdatamodeld */; };
		771A57BA226293270067DC7B /* Assets.xcassets in Resources */ = {isa = PBXBuildFile; fileRef = 771A57B9226293270067DC7B /* Assets.xcassets */; };
		771A57BD226293270067DC7B /* MainMenu.xib in Resources */ = {isa = PBXBuildFile; fileRef = 771A57BB226293270067DC7B /* MainMenu.xib */; };
		771A57C0226293270067DC7B /* main.m in Sources */ = {isa = PBXBuildFile; fileRef = 771A57BF226293270067DC7B /* main.m */; };
		771A57CA226293610067DC7B /* basic_dsk_rsdos.ksy in Resources */ = {isa = PBXBuildFile; fileRef = 771A57C8226293610067DC7B /* basic_dsk_rsdos.ksy */; };
		771A57CB226293610067DC7B /* basic_dsk_rsdos.m in Sources */ = {isa = PBXBuildFile; fileRef = 771A57C9226293610067DC7B /* basic_dsk_rsdos.m */; };
		771A57CD2262937E0067DC7B /* kaitai in Resources */ = {isa = PBXBuildFile; fileRef = 771A57CC2262937E0067DC7B /* kaitai */; };
		771A57CF226293EF0067DC7B /* kaitaistream.m in Sources */ = {isa = PBXBuildFile; fileRef = 771A57CE226293EF0067DC7B /* kaitaistream.m */; };
/* End PBXBuildFile section */

/* Begin PBXFileReference section */
		771A57AA226293270067DC7B /* Portia.app */ = {isa = PBXFileReference; explicitFileType = wrapper.application; includeInIndex = 0; path = Portia.app; sourceTree = BUILT_PRODUCTS_DIR; };
		771A57AD226293270067DC7B /* AppDelegate.h */ = {isa = PBXFileReference; lastKnownFileType = sourcecode.c.h; path = AppDelegate.h; sourceTree = "<group>"; };
		771A57AE226293270067DC7B /* AppDelegate.m */ = {isa = PBXFileReference; lastKnownFileType = sourcecode.c.objc; path = AppDelegate.m; sourceTree = "<group>"; };
		771A57B0226293270067DC7B /* Document.h */ = {isa = PBXFileReference; lastKnownFileType = sourcecode.c.h; path = Document.h; sourceTree = "<group>"; };
		771A57B1226293270067DC7B /* Document.m */ = {isa = PBXFileReference; lastKnownFileType = sourcecode.c.objc; path = Document.m; sourceTree = "<group>"; };
		771A57B4226293270067DC7B /* Base */ = {isa = PBXFileReference; lastKnownFileType = file.xib; name = Base; path = Base.lproj/Document.xib; sourceTree = "<group>"; };
		771A57B7226293270067DC7B /* Document.xcdatamodel */ = {isa = PBXFileReference; lastKnownFileType = wrapper.xcdatamodel; path = Document.xcdatamodel; sourceTree = "<group>"; };
		771A57B9226293270067DC7B /* Assets.xcassets */ = {isa = PBXFileReference; lastKnownFileType = folder.assetcatalog; path = Assets.xcassets; sourceTree = "<group>"; };
		771A57BC226293270067DC7B /* Base */ = {isa = PBXFileReference; lastKnownFileType = file.xib; name = Base; path = Base.lproj/MainMenu.xib; sourceTree = "<group>"; };
		771A57BE226293270067DC7B /* Info.plist */ = {isa = PBXFileReference; lastKnownFileType = text.plist.xml; path = Info.plist; sourceTree = "<group>"; };
		771A57BF226293270067DC7B /* main.m */ = {isa = PBXFileReference; lastKnownFileType = sourcecode.c.objc; path = main.m; sourceTree = "<group>"; };
		771A57C1226293270067DC7B /* Portia.entitlements */ = {isa = PBXFileReference; lastKnownFileType = text.plist.entitlements; path = Portia.entitlements; sourceTree = "<group>"; };
		771A57C7226293610067DC7B /* basic_dsk_rsdos.h */ = {isa = PBXFileReference; fileEncoding = 4; lastKnownFileType = sourcecode.c.h; path = basic_dsk_rsdos.h; sourceTree = "<group>"; };
		771A57C8226293610067DC7B /* basic_dsk_rsdos.ksy */ = {isa = PBXFileReference; fileEncoding = 4; lastKnownFileType = text; path = basic_dsk_rsdos.ksy; sourceTree = "<group>"; };
		771A57C9226293610067DC7B /* basic_dsk_rsdos.m */ = {isa = PBXFileReference; fileEncoding = 4; lastKnownFileType = sourcecode.c.objc; path = basic_dsk_rsdos.m; sourceTree = "<group>"; };
		771A57CC2262937E0067DC7B /* kaitai */ = {isa = PBXFileReference; lastKnownFileType = folder; path = kaitai; sourceTree = "<group>"; };
		771A57CE226293EF0067DC7B /* kaitaistream.m */ = {isa = PBXFileReference; lastKnownFileType = sourcecode.c.objc; name = kaitaistream.m; path = Portia/kaitai/kaitaistream.m; sourceTree = "<group>"; };
/* End PBXFileReference section */

/* Begin PBXFrameworksBuildPhase section */
		771A57A7226293270067DC7B /* Frameworks */ = {
			isa = PBXFrameworksBuildPhase;
			buildActionMask = 2147483647;
			files = (
			);
			runOnlyForDeploymentPostprocessing = 0;
		};
/* End PBXFrameworksBuildPhase section */

/* Begin PBXGroup section */
		771A57A1226293270067DC7B = {
			isa = PBXGroup;
			children = (
				771A57CE226293EF0067DC7B /* kaitaistream.m */,
				771A57AC226293270067DC7B /* Portia */,
				771A57AB226293270067DC7B /* Products */,
			);
			sourceTree = "<group>";
		};
		771A57AB226293270067DC7B /* Products */ = {
			isa = PBXGroup;
			children = (
				771A57AA226293270067DC7B /* Portia.app */,
			);
			name = Products;
			sourceTree = "<group>";
		};
		771A57AC226293270067DC7B /* Portia */ = {
			isa = PBXGroup;
			children = (
				771A57CC2262937E0067DC7B /* kaitai */,
				771A57C7226293610067DC7B /* basic_dsk_rsdos.h */,
				771A57C9226293610067DC7B /* basic_dsk_rsdos.m */,
				771A57C8226293610067DC7B /* basic_dsk_rsdos.ksy */,
				771A57AD226293270067DC7B /* AppDelegate.h */,
				771A57AE226293270067DC7B /* AppDelegate.m */,
				771A57B0226293270067DC7B /* Document.h */,
				771A57B1226293270067DC7B /* Document.m */,
				771A57B3226293270067DC7B /* Document.xib */,
				771A57B9226293270067DC7B /* Assets.xcassets */,
				771A57BB226293270067DC7B /* MainMenu.xib */,
				771A57BE226293270067DC7B /* Info.plist */,
				771A57BF226293270067DC7B /* main.m */,
				771A57C1226293270067DC7B /* Portia.entitlements */,
				771A57B6226293270067DC7B /* Document.xcdatamodeld */,
			);
			path = Portia;
			sourceTree = "<group>";
		};
/* End PBXGroup section */

/* Begin PBXNativeTarget section */
		771A57A9226293270067DC7B /* Portia */ = {
			isa = PBXNativeTarget;
			buildConfigurationList = 771A57C4226293270067DC7B /* Build configuration list for PBXNativeTarget "Portia" */;
			buildPhases = (
				771A57A6226293270067DC7B /* Sources */,
				771A57A7226293270067DC7B /* Frameworks */,
				771A57A8226293270067DC7B /* Resources */,
			);
			buildRules = (
			);
			dependencies = (
			);
			name = Portia;
			productName = Portia;
			productReference = 771A57AA226293270067DC7B /* Portia.app */;
			productType = "com.apple.product-type.application";
		};
/* End PBXNativeTarget section */

/* Begin PBXProject section */
		771A57A2226293270067DC7B /* Project object */ = {
			isa = PBXProject;
			attributes = {
				LastUpgradeCheck = 0920;
				ORGANIZATIONNAME = "tim lindner";
				TargetAttributes = {
					771A57A9226293270067DC7B = {
						CreatedOnToolsVersion = 9.2;
						ProvisioningStyle = Automatic;
					};
				};
			};
			buildConfigurationList = 771A57A5226293270067DC7B /* Build configuration list for PBXProject "Portia" */;
			compatibilityVersion = "Xcode 8.0";
			developmentRegion = en;
			hasScannedForEncodings = 0;
			knownRegions = (
				en,
				Base,
			);
			mainGroup = 771A57A1226293270067DC7B;
			productRefGroup = 771A57AB226293270067DC7B /* Products */;
			projectDirPath = "";
			projectRoot = "";
			targets = (
				771A57A9226293270067DC7B /* Portia */,
			);
		};
/* End PBXProject section */

/* Begin PBXResourcesBuildPhase section */
		771A57A8226293270067DC7B /* Resources */ = {
			isa = PBXResourcesBuildPhase;
			buildActionMask = 2147483647;
			files = (
				771A57CD2262937E0067DC7B /* kaitai in Resources */,
				771A57BA226293270067DC7B /* Assets.xcassets in Resources */,
				771A57CA226293610067DC7B /* basic_dsk_rsdos.ksy in Resources */,
				771A57B5226293270067DC7B /* Document.xib in Resources */,
				771A57BD226293270067DC7B /* MainMenu.xib in Resources */,
			);
			runOnlyForDeploymentPostprocessing = 0;
		};
/* End PBXResourcesBuildPhase section */

/* Begin PBXSourcesBuildPhase section */
		771A57A6226293270067DC7B /* Sources */ = {
			isa = PBXSourcesBuildPhase;
			buildActionMask = 2147483647;
			files = (
				771A57B8226293270067DC7B /* Document.xcdatamodeld in Sources */,
				771A57B2226293270067DC7B /* Document.m in Sources */,
				771A57C0226293270067DC7B /* main.m in Sources */,
				771A57CB226293610067DC7B /* basic_dsk_rsdos.m in Sources */,
				771A57AF226293270067DC7B /* AppDelegate.m in Sources */,
				771A57CF226293EF0067DC7B /* kaitaistream.m in Sources */,
			);
			runOnlyForDeploymentPostprocessing = 0;
		};
/* End PBXSourcesBuildPhase section */

/* Begin PBXVariantGroup section */
		771A57B3226293270067DC7B /* Document.xib */ = {
			isa = PBXVariantGroup;
			children = (
				771A57B4226293270067DC7B /* Base */,
			);
			name = Document.xib;
			sourceTree = "<group>";
		};
		771A57BB226293270067DC7B /* MainMenu.xib */ = {
			isa = PBXVariantGroup;
			children = (
				771A57BC226293270067DC7B /* Base */,
			);
			name = MainMenu.xib;
			sourceTree = "<group>";
		};
/* End PBXVariantGroup section */

/* Begin XCBuildConfiguration section */
		771A57C2226293270067DC7B /* Debug */ = {
			isa = XCBuildConfiguration;
			buildSettings = {
				ALWAYS_SEARCH_USER_PATHS = NO;
				CLANG_ANALYZER_NONNULL = YES;
				CLANG_ANALYZER_NUMBER_OBJECT_CONVERSION = YES_AGGRESSIVE;
				CLANG_CXX_LANGUAGE_STANDARD = "gnu++14";
				CLANG_CXX_LIBRARY = "libc++";
				CLANG_ENABLE_MODULES = YES;
				CLANG_ENABLE_OBJC_ARC = YES;
				CLANG_WARN_BLOCK_CAPTURE_AUTORELEASING = YES;
				CLANG_WARN_BOOL_CONVERSION = YES;
				CLANG_WARN_COMMA = YES;
				CLANG_WARN_CONSTANT_CONVERSION = YES;
				CLANG_WARN_DIRECT_OBJC_ISA_USAGE = YES_ERROR;
				CLANG_WARN_DOCUMENTATION_COMMENTS = YES;
				CLANG_WARN_EMPTY_BODY = YES;
				CLANG_WARN_ENUM_CONVERSION = YES;
				CLANG_WARN_INFINITE_RECURSION = YES;
				CLANG_WARN_INT_CONVERSION = YES;
				CLANG_WARN_NON_LITERAL_NULL_CONVERSION = YES;
				CLANG_WARN_OBJC_LITERAL_CONVERSION = YES;
				CLANG_WARN_OBJC_ROOT_CLASS = YES_ERROR;
				CLANG_WARN_RANGE_LOOP_ANALYSIS = YES;
				CLANG_WARN_STRICT_PROTOTYPES = YES;
				CLANG_WARN_SUSPICIOUS_MOVE = YES;
				CLANG_WARN_UNGUARDED_AVAILABILITY = YES_AGGRESSIVE;
				CLANG_WARN_UNREACHABLE_CODE = YES;
				CLANG_WARN__DUPLICATE_METHOD_MATCH = YES;
				CODE_SIGN_IDENTITY = "-";
				COPY_PHASE_STRIP = NO;
				DEBUG_INFORMATION_FORMAT = dwarf;
				ENABLE_STRICT_OBJC_MSGSEND = YES;
				ENABLE_TESTABILITY = YES;
				GCC_C_LANGUAGE_STANDARD = gnu11;
				GCC_DYNAMIC_NO_PIC = NO;
				GCC_NO_COMMON_BLOCKS = YES;
				GCC_OPTIMIZATION_LEVEL = 0;
				GCC_PREPROCESSOR_DEFINITIONS = (
					"DEBUG=1",
					"$(inherited)",
				);
				GCC_WARN_64_TO_32_BIT_CONVERSION = YES;
				GCC_WARN_ABOUT_RETURN_TYPE = YES_ERROR;
				GCC_WARN_UNDECLARED_SELECTOR = YES;
				GCC_WARN_UNINITIALIZED_AUTOS = YES_AGGRESSIVE;
				GCC_WARN_UNUSED_FUNCTION = YES;
				GCC_WARN_UNUSED_VARIABLE = YES;
				MACOSX_DEPLOYMENT_TARGET = 10.13;
				MTL_ENABLE_DEBUG_INFO = YES;
				ONLY_ACTIVE_ARCH = YES;
				SDKROOT = macosx;
			};
			name = Debug;
		};
		771A57C3226293270067DC7B /* Release */ = {
			isa = XCBuildConfiguration;
			buildSettings = {
				ALWAYS_SEARCH_USER_PATHS = NO;
				CLANG_ANALYZER_NONNULL = YES;
				CLANG_ANALYZER_NUMBER_OBJECT_CONVERSION = YES_AGGRESSIVE;
				CLANG_CXX_LANGUAGE_STANDARD = "gnu++14";
				CLANG_CXX_LIBRARY = "libc++";
				CLANG_ENABLE_MODULES = YES;
				CLANG_ENABLE_OBJC_ARC = YES;
				CLANG_WARN_BLOCK_CAPTURE_AUTORELEASING = YES;
				CLANG_WARN_BOOL_CONVERSION = YES;
				CLANG_WARN_COMMA = YES;
				CLANG_WARN_CONSTANT_CONVERSION = YES;
				CLANG_WARN_DIRECT_OBJC_ISA_USAGE = YES_ERROR;
				CLANG_WARN_DOCUMENTATION_COMMENTS = YES;
				CLANG_WARN_EMPTY_BODY = YES;
				CLANG_WARN_ENUM_CONVERSION = YES;
				CLANG_WARN_INFINITE_RECURSION = YES;
				CLANG_WARN_INT_CONVERSION = YES;
				CLANG_WARN_NON_LITERAL_NULL_CONVERSION = YES;
				CLANG_WARN_OBJC_LITERAL_CONVERSION = YES;
				CLANG_WARN_OBJC_ROOT_CLASS = YES_ERROR;
				CLANG_WARN_RANGE_LOOP_ANALYSIS = YES;
				CLANG_WARN_STRICT_PROTOTYPES = YES;
				CLANG_WARN_SUSPICIOUS_MOVE = YES;
				CLANG_WARN_UNGUARDED_AVAILABILITY = YES_AGGRESSIVE;
				CLANG_WARN_UNREACHABLE_CODE = YES;
				CLANG_WARN__DUPLICATE_METHOD_MATCH = YES;
				CODE_SIGN_IDENTITY = "-";
				COPY_PHASE_STRIP = NO;
				DEBUG_INFORMATION_FORMAT = "dwarf-with-dsym";
				ENABLE_NS_ASSERTIONS = NO;
				ENABLE_STRICT_OBJC_MSGSEND = YES;
				GCC_C_LANGUAGE_STANDARD = gnu11;
				GCC_NO_COMMON_BLOCKS = YES;
				GCC_WARN_64_TO_32_BIT_CONVERSION = YES;
				GCC_WARN_ABOUT_RETURN_TYPE = YES_ERROR;
				GCC_WARN_UNDECLARED_SELECTOR = YES;
				GCC_WARN_UNINITIALIZED_AUTOS = YES_AGGRESSIVE;
				GCC_WARN_UNUSED_FUNCTION = YES;
				GCC_WARN_UNUSED_VARIABLE = YES;
				MACOSX_DEPLOYMENT_TARGET = 10.13;
				MTL_ENABLE_DEBUG_INFO = NO;
				SDKROOT = macosx;
			};
			name = Release;
		};
		771A57C5226293270067DC7B /* Debug */ = {
			isa = XCBuildConfiguration;
			buildSettings = {
				ASSETCATALOG_COMPILER_APPICON_NAME = AppIcon;
				CODE_SIGN_ENTITLEMENTS = Portia/Portia.entitlements;
				CODE_SIGN_STYLE = Automatic;
				COMBINE_HIDPI_IMAGES = YES;
				INFOPLIST_FILE = Portia/Info.plist;
				LD_RUNPATH_SEARCH_PATHS = "$(inherited) @executable_path/../Frameworks";
				PRODUCT_BUNDLE_IDENTIFIER = org.macmess.Portia;
				PRODUCT_NAME = "$(TARGET_NAME)";
			};
			name = Debug;
		};
		771A57C6226293270067DC7B /* Release */ = {
			isa = XCBuildConfiguration;
			buildSettings = {
				ASSETCATALOG_COMPILER_APPICON_NAME = AppIcon;
				CODE_SIGN_ENTITLEMENTS = Portia/Portia.entitlements;
				CODE_SIGN_STYLE = Automatic;
				COMBINE_HIDPI_IMAGES = YES;
				INFOPLIST_FILE = Portia/Info.plist;
				LD_RUNPATH_SEARCH_PATHS = "$(inherited) @executable_path/../Frameworks";
				PRODUCT_BUNDLE_IDENTIFIER = org.macmess.Portia;
				PRODUCT_NAME = "$(TARGET_NAME)";
			};
			name = Release;
		};
/* End XCBuildConfiguration section */

/* Begin XCConfigurationList section */
		771A57A5226293270067DC7B /* Build configuration list for PBXProject "Portia" */ = {
			isa = XCConfigurationList;
			buildConfigurations = (
				771A57C2226293270067DC7B /* Debug */,
				771A57C3226293270067DC7B /* Release */,
			);
			defaultConfigurationIsVisible = 0;
			defaultConfigurationName = Release;
		};
		771A57C4226293270067DC7B /* Build configuration list for PBXNativeTarget "Portia" */ = {
			isa = XCConfigurationList;
			buildConfigurations = (
				771A57C5226293270067DC7B /* Debug */,
				771A57C6226293270067DC7B /* Release */,
			);
			defaultConfigurationIsVisible = 0;
			defaultConfigurationName = Release;
		};
/* End XCConfigurationList section */

/* Begin XCVersionGroup section */
		771A57B6226293270067DC7B /* Document.xcdatamodeld */ = {
			isa = XCVersionGroup;
			children = (
				771A57B7226293270067DC7B /* Document.xcdatamodel */,
			);
			currentVersion = 771A57B7226293270067DC7B /* Document.xcdatamodel */;
			path = Document.xcdatamodeld;
			sourceTree = "<group>";
			versionGroupType = wrapper.xcdatamodel;
		};
/* End XCVersionGroup section */
	};
	rootObject = 771A57A2226293270067DC7B /* Project object */;
}
